// !$*UTF8*$!
{
	archiveVersion = 1;
	classes = {
	};
	objectVersion = 50;
	objects = {

/* Begin PBXBuildFile section */
		853C6C4D245AB04200BB98BC /* AppDelegate.m in Sources */ = {isa = PBXBuildFile; fileRef = 853C6C4C245AB04200BB98BC /* AppDelegate.m */; };
		853C6C50245AB04200BB98BC /* SceneDelegate.m in Sources */ = {isa = PBXBuildFile; fileRef = 853C6C4F245AB04200BB98BC /* SceneDelegate.m */; };
		853C6C53245AB04200BB98BC /* ViewController.m in Sources */ = {isa = PBXBuildFile; fileRef = 853C6C52245AB04200BB98BC /* ViewController.m */; };
		853C6C56245AB04200BB98BC /* Main.storyboard in Resources */ = {isa = PBXBuildFile; fileRef = 853C6C54245AB04200BB98BC /* Main.storyboard */; };
		853C6C58245AB04700BB98BC /* Assets.xcassets in Resources */ = {isa = PBXBuildFile; fileRef = 853C6C57245AB04700BB98BC /* Assets.xcassets */; };
		853C6C5B245AB04700BB98BC /* LaunchScreen.storyboard in Resources */ = {isa = PBXBuildFile; fileRef = 853C6C59245AB04700BB98BC /* LaunchScreen.storyboard */; };
		853C6C5E245AB04700BB98BC /* main.m in Sources */ = {isa = PBXBuildFile; fileRef = 853C6C5D245AB04700BB98BC /* main.m */; };
		853C6C78245AB87100BB98BC /* AccountUserService.m in Sources */ = {isa = PBXBuildFile; fileRef = 853C6C73245AB87100BB98BC /* AccountUserService.m */; };
		853C6C79245AB87100BB98BC /* Target_Account.m in Sources */ = {isa = PBXBuildFile; fileRef = 853C6C76245AB87100BB98BC /* Target_Account.m */; };
		C070557373B7E9C7FEB8DBE6 /* libPods-AccountModule.a in Frameworks */ = {isa = PBXBuildFile; fileRef = D8814DB671050E7725055206 /* libPods-AccountModule.a */; };
/* End PBXBuildFile section */

/* Begin PBXFileReference section */
		6A8F96D978D78FF4424E5FF3 /* Pods-AccountModule.debug.xcconfig */ = {isa = PBXFileReference; includeInIndex = 1; lastKnownFileType = text.xcconfig; name = "Pods-AccountModule.debug.xcconfig"; path = "Target Support Files/Pods-AccountModule/Pods-AccountModule.debug.xcconfig"; sourceTree = "<group>"; };
		7BE2CBB7F88EF3ED18BA39AE /* Pods-AccountModule.release.xcconfig */ = {isa = PBXFileReference; includeInIndex = 1; lastKnownFileType = text.xcconfig; name = "Pods-AccountModule.release.xcconfig"; path = "Target Support Files/Pods-AccountModule/Pods-AccountModule.release.xcconfig"; sourceTree = "<group>"; };
		853C6C48245AB04200BB98BC /* AccountModule.app */ = {isa = PBXFileReference; explicitFileType = wrapper.application; includeInIndex = 0; path = AccountModule.app; sourceTree = BUILT_PRODUCTS_DIR; };
		853C6C4B245AB04200BB98BC /* AppDelegate.h */ = {isa = PBXFileReference; lastKnownFileType = sourcecode.c.h; path = AppDelegate.h; sourceTree = "<group>"; };
		853C6C4C245AB04200BB98BC /* AppDelegate.m */ = {isa = PBXFileReference; lastKnownFileType = sourcecode.c.objc; path = AppDelegate.m; sourceTree = "<group>"; };
		853C6C4E245AB04200BB98BC /* SceneDelegate.h */ = {isa = PBXFileReference; lastKnownFileType = sourcecode.c.h; path = SceneDelegate.h; sourceTree = "<group>"; };
		853C6C4F245AB04200BB98BC /* SceneDelegate.m */ = {isa = PBXFileReference; lastKnownFileType = sourcecode.c.objc; path = SceneDelegate.m; sourceTree = "<group>"; };
		853C6C51245AB04200BB98BC /* ViewController.h */ = {isa = PBXFileReference; lastKnownFileType = sourcecode.c.h; path = ViewController.h; sourceTree = "<group>"; };
		853C6C52245AB04200BB98BC /* ViewController.m */ = {isa = PBXFileReference; lastKnownFileType = sourcecode.c.objc; path = ViewController.m; sourceTree = "<group>"; };
		853C6C55245AB04200BB98BC /* Base */ = {isa = PBXFileReference; lastKnownFileType = file.storyboard; name = Base; path = Base.lproj/Main.storyboard; sourceTree = "<group>"; };
		853C6C57245AB04700BB98BC /* Assets.xcassets */ = {isa = PBXFileReference; lastKnownFileType = folder.assetcatalog; path = Assets.xcassets; sourceTree = "<group>"; };
		853C6C5A245AB04700BB98BC /* Base */ = {isa = PBXFileReference; lastKnownFileType = file.storyboard; name = Base; path = Base.lproj/LaunchScreen.storyboard; sourceTree = "<group>"; };
		853C6C5C245AB04700BB98BC /* Info.plist */ = {isa = PBXFileReference; lastKnownFileType = text.plist.xml; path = Info.plist; sourceTree = "<group>"; };
		853C6C5D245AB04700BB98BC /* main.m */ = {isa = PBXFileReference; lastKnownFileType = sourcecode.c.objc; path = main.m; sourceTree = "<group>"; };
		853C6C73245AB87100BB98BC /* AccountUserService.m */ = {isa = PBXFileReference; fileEncoding = 4; lastKnownFileType = sourcecode.c.objc; path = AccountUserService.m; sourceTree = "<group>"; };
		853C6C74245AB87100BB98BC /* AccountUserService.h */ = {isa = PBXFileReference; fileEncoding = 4; lastKnownFileType = sourcecode.c.h; path = AccountUserService.h; sourceTree = "<group>"; };
		853C6C76245AB87100BB98BC /* Target_Account.m */ = {isa = PBXFileReference; fileEncoding = 4; lastKnownFileType = sourcecode.c.objc; path = Target_Account.m; sourceTree = "<group>"; };
		853C6C77245AB87100BB98BC /* Target_Account.h */ = {isa = PBXFileReference; fileEncoding = 4; lastKnownFileType = sourcecode.c.h; path = Target_Account.h; sourceTree = "<group>"; };
		D8814DB671050E7725055206 /* libPods-AccountModule.a */ = {isa = PBXFileReference; explicitFileType = archive.ar; includeInIndex = 0; path = "libPods-AccountModule.a"; sourceTree = BUILT_PRODUCTS_DIR; };
/* End PBXFileReference section */

/* Begin PBXFrameworksBuildPhase section */
		853C6C45245AB04200BB98BC /* Frameworks */ = {
			isa = PBXFrameworksBuildPhase;
			buildActionMask = 2147483647;
			files = (
				C070557373B7E9C7FEB8DBE6 /* libPods-AccountModule.a in Frameworks */,
			);
			runOnlyForDeploymentPostprocessing = 0;
		};
/* End PBXFrameworksBuildPhase section */

/* Begin PBXGroup section */
		20CE5C236C88E7804C1976D2 /* Pods */ = {
			isa = PBXGroup;
			children = (
				6A8F96D978D78FF4424E5FF3 /* Pods-AccountModule.debug.xcconfig */,
				7BE2CBB7F88EF3ED18BA39AE /* Pods-AccountModule.release.xcconfig */,
			);
			path = Pods;
			sourceTree = "<group>";
		};
		853C6C3F245AB04200BB98BC = {
			isa = PBXGroup;
			children = (
				853C6C4A245AB04200BB98BC /* AccountModule */,
				853C6C49245AB04200BB98BC /* Products */,
				20CE5C236C88E7804C1976D2 /* Pods */,
				DACB9F11E48B239B717F0C34 /* Frameworks */,
			);
			sourceTree = "<group>";
		};
		853C6C49245AB04200BB98BC /* Products */ = {
			isa = PBXGroup;
			children = (
				853C6C48245AB04200BB98BC /* AccountModule.app */,
			);
			name = Products;
			sourceTree = "<group>";
		};
		853C6C4A245AB04200BB98BC /* AccountModule */ = {
			isa = PBXGroup;
			children = (
				853C6C70245AB87100BB98BC /* AccountModule */,
				853C6C4B245AB04200BB98BC /* AppDelegate.h */,
				853C6C4C245AB04200BB98BC /* AppDelegate.m */,
				853C6C4E245AB04200BB98BC /* SceneDelegate.h */,
				853C6C4F245AB04200BB98BC /* SceneDelegate.m */,
				853C6C51245AB04200BB98BC /* ViewController.h */,
				853C6C52245AB04200BB98BC /* ViewController.m */,
				853C6C54245AB04200BB98BC /* Main.storyboard */,
				853C6C57245AB04700BB98BC /* Assets.xcassets */,
				853C6C59245AB04700BB98BC /* LaunchScreen.storyboard */,
				853C6C5C245AB04700BB98BC /* Info.plist */,
				853C6C5D245AB04700BB98BC /* main.m */,
			);
			path = AccountModule;
			sourceTree = "<group>";
		};
		853C6C70245AB87100BB98BC /* AccountModule */ = {
			isa = PBXGroup;
			children = (
				853C6C71245AB87100BB98BC /* Controller */,
				853C6C72245AB87100BB98BC /* Model */,
				853C6C75245AB87100BB98BC /* Actions */,
			);
			path = AccountModule;
			sourceTree = "<group>";
		};
		853C6C71245AB87100BB98BC /* Controller */ = {
			isa = PBXGroup;
			children = (
			);
			path = Controller;
			sourceTree = "<group>";
		};
		853C6C72245AB87100BB98BC /* Model */ = {
			isa = PBXGroup;
			children = (
				853C6C73245AB87100BB98BC /* AccountUserService.m */,
				853C6C74245AB87100BB98BC /* AccountUserService.h */,
			);
			path = Model;
			sourceTree = "<group>";
		};
		853C6C75245AB87100BB98BC /* Actions */ = {
			isa = PBXGroup;
			children = (
				853C6C76245AB87100BB98BC /* Target_Account.m */,
				853C6C77245AB87100BB98BC /* Target_Account.h */,
			);
			path = Actions;
			sourceTree = "<group>";
		};
		DACB9F11E48B239B717F0C34 /* Frameworks */ = {
			isa = PBXGroup;
			children = (
				D8814DB671050E7725055206 /* libPods-AccountModule.a */,
			);
			name = Frameworks;
			sourceTree = "<group>";
		};
/* End PBXGroup section */

/* Begin PBXNativeTarget section */
		853C6C47245AB04200BB98BC /* AccountModule */ = {
			isa = PBXNativeTarget;
			buildConfigurationList = 853C6C61245AB04700BB98BC /* Build configuration list for PBXNativeTarget "AccountModule" */;
			buildPhases = (
				307ACD74455A3783450A7AA6 /* [CP] Check Pods Manifest.lock */,
				853C6C44245AB04200BB98BC /* Sources */,
				853C6C45245AB04200BB98BC /* Frameworks */,
				853C6C46245AB04200BB98BC /* Resources */,
			);
			buildRules = (
			);
			dependencies = (
			);
			name = AccountModule;
			productName = AccountModule;
			productReference = 853C6C48245AB04200BB98BC /* AccountModule.app */;
			productType = "com.apple.product-type.application";
		};
/* End PBXNativeTarget section */

/* Begin PBXProject section */
		853C6C40245AB04200BB98BC /* Project object */ = {
			isa = PBXProject;
			attributes = {
				LastUpgradeCheck = 1140;
				ORGANIZATIONNAME = sherlock.chan;
				TargetAttributes = {
					853C6C47245AB04200BB98BC = {
						CreatedOnToolsVersion = 11.4.1;
					};
				};
			};
			buildConfigurationList = 853C6C43245AB04200BB98BC /* Build configuration list for PBXProject "AccountModule" */;
			compatibilityVersion = "Xcode 9.3";
			developmentRegion = en;
			hasScannedForEncodings = 0;
			knownRegions = (
				en,
				Base,
			);
			mainGroup = 853C6C3F245AB04200BB98BC;
			productRefGroup = 853C6C49245AB04200BB98BC /* Products */;
			projectDirPath = "";
			projectRoot = "";
			targets = (
				853C6C47245AB04200BB98BC /* AccountModule */,
			);
		};
/* End PBXProject section */

/* Begin PBXResourcesBuildPhase section */
		853C6C46245AB04200BB98BC /* Resources */ = {
			isa = PBXResourcesBuildPhase;
			buildActionMask = 2147483647;
			files = (
				853C6C5B245AB04700BB98BC /* LaunchScreen.storyboard in Resources */,
				853C6C58245AB04700BB98BC /* Assets.xcassets in Resources */,
				853C6C56245AB04200BB98BC /* Main.storyboard in Resources */,
			);
			runOnlyForDeploymentPostprocessing = 0;
		};
/* End PBXResourcesBuildPhase section */

/* Begin PBXShellScriptBuildPhase section */
		307ACD74455A3783450A7AA6 /* [CP] Check Pods Manifest.lock */ = {
			isa = PBXShellScriptBuildPhase;
			buildActionMask = 2147483647;
			files = (
			);
			inputFileListPaths = (
			);
			inputPaths = (
				"${PODS_PODFILE_DIR_PATH}/Podfile.lock",
				"${PODS_ROOT}/Manifest.lock",
			);
			name = "[CP] Check Pods Manifest.lock";
			outputFileListPaths = (
			);
			outputPaths = (
				"$(DERIVED_FILE_DIR)/Pods-AccountModule-checkManifestLockResult.txt",
			);
			runOnlyForDeploymentPostprocessing = 0;
			shellPath = /bin/sh;
			shellScript = "diff \"${PODS_PODFILE_DIR_PATH}/Podfile.lock\" \"${PODS_ROOT}/Manifest.lock\" > /dev/null\nif [ $? != 0 ] ; then\n    # print error to STDERR\n    echo \"error: The sandbox is not in sync with the Podfile.lock. Run 'pod install' or update your CocoaPods installation.\" >&2\n    exit 1\nfi\n# This output is used by Xcode 'outputs' to avoid re-running this script phase.\necho \"SUCCESS\" > \"${SCRIPT_OUTPUT_FILE_0}\"\n";
			showEnvVarsInLog = 0;
		};
/* End PBXShellScriptBuildPhase section */

/* Begin PBXSourcesBuildPhase section */
		853C6C44245AB04200BB98BC /* Sources */ = {
			isa = PBXSourcesBuildPhase;
			buildActionMask = 2147483647;
			files = (
				853C6C53245AB04200BB98BC /* ViewController.m in Sources */,
				853C6C4D245AB04200BB98BC /* AppDelegate.m in Sources */,
				853C6C79245AB87100BB98BC /* Target_Account.m in Sources */,
				853C6C78245AB87100BB98BC /* AccountUserService.m in Sources */,
				853C6C5E245AB04700BB98BC /* main.m in Sources */,
				853C6C50245AB04200BB98BC /* SceneDelegate.m in Sources */,
			);
			runOnlyForDeploymentPostprocessing = 0;
		};
/* End PBXSourcesBuildPhase section */

/* Begin PBXVariantGroup section */
		853C6C54245AB04200BB98BC /* Main.storyboard */ = {
			isa = PBXVariantGroup;
			children = (
				853C6C55245AB04200BB98BC /* Base */,
			);
			name = Main.storyboard;
			sourceTree = "<group>";
		};
		853C6C59245AB04700BB98BC /* LaunchScreen.storyboard */ = {
			isa = PBXVariantGroup;
			children = (
				853C6C5A245AB04700BB98BC /* Base */,
			);
			name = LaunchScreen.storyboard;
			sourceTree = "<group>";
		};
/* End PBXVariantGroup section */

/* Begin XCBuildConfiguration section */
		853C6C5F245AB04700BB98BC /* Debug */ = {
			isa = XCBuildConfiguration;
			buildSettings = {
				ALWAYS_SEARCH_USER_PATHS = NO;
				CLANG_ANALYZER_NONNULL = YES;
				CLANG_ANALYZER_NUMBER_OBJECT_CONVERSION = YES_AGGRESSIVE;
				CLANG_CXX_LANGUAGE_STANDARD = "gnu++14";
				CLANG_CXX_LIBRARY = "libc++";
				CLANG_ENABLE_MODULES = YES;
				CLANG_ENABLE_OBJC_ARC = YES;
				CLANG_ENABLE_OBJC_WEAK = YES;
				CLANG_WARN_BLOCK_CAPTURE_AUTORELEASING = YES;
				CLANG_WARN_BOOL_CONVERSION = YES;
				CLANG_WARN_COMMA = YES;
				CLANG_WARN_CONSTANT_CONVERSION = YES;
				CLANG_WARN_DEPRECATED_OBJC_IMPLEMENTATIONS = YES;
				CLANG_WARN_DIRECT_OBJC_ISA_USAGE = YES_ERROR;
				CLANG_WARN_DOCUMENTATION_COMMENTS = YES;
				CLANG_WARN_EMPTY_BODY = YES;
				CLANG_WARN_ENUM_CONVERSION = YES;
				CLANG_WARN_INFINITE_RECURSION = YES;
				CLANG_WARN_INT_CONVERSION = YES;
				CLANG_WARN_NON_LITERAL_NULL_CONVERSION = YES;
				CLANG_WARN_OBJC_IMPLICIT_RETAIN_SELF = YES;
				CLANG_WARN_OBJC_LITERAL_CONVERSION = YES;
				CLANG_WARN_OBJC_ROOT_CLASS = YES_ERROR;
				CLANG_WARN_RANGE_LOOP_ANALYSIS = YES;
				CLANG_WARN_STRICT_PROTOTYPES = YES;
				CLANG_WARN_SUSPICIOUS_MOVE = YES;
				CLANG_WARN_UNGUARDED_AVAILABILITY = YES_AGGRESSIVE;
				CLANG_WARN_UNREACHABLE_CODE = YES;
				CLANG_WARN__DUPLICATE_METHOD_MATCH = YES;
				COPY_PHASE_STRIP = NO;
				DEBUG_INFORMATION_FORMAT = dwarf;
				ENABLE_STRICT_OBJC_MSGSEND = YES;
				ENABLE_TESTABILITY = YES;
				GCC_C_LANGUAGE_STANDARD = gnu11;
				GCC_DYNAMIC_NO_PIC = NO;
				GCC_NO_COMMON_BLOCKS = YES;
				GCC_OPTIMIZATION_LEVEL = 0;
				GCC_PREPROCESSOR_DEFINITIONS = (
					"DEBUG=1",
					"$(inherited)",
				);
				GCC_WARN_64_TO_32_BIT_CONVERSION = YES;
				GCC_WARN_ABOUT_RETURN_TYPE = YES_ERROR;
				GCC_WARN_UNDECLARED_SELECTOR = YES;
				GCC_WARN_UNINITIALIZED_AUTOS = YES_AGGRESSIVE;
				GCC_WARN_UNUSED_FUNCTION = YES;
				GCC_WARN_UNUSED_VARIABLE = YES;
				IPHONEOS_DEPLOYMENT_TARGET = 13.4;
				MTL_ENABLE_DEBUG_INFO = INCLUDE_SOURCE;
				MTL_FAST_MATH = YES;
				ONLY_ACTIVE_ARCH = YES;
				SDKROOT = iphoneos;
			};
			name = Debug;
		};
		853C6C60245AB04700BB98BC /* Release */ = {
			isa = XCBuildConfiguration;
			buildSettings = {
				ALWAYS_SEARCH_USER_PATHS = NO;
				CLANG_ANALYZER_NONNULL = YES;
				CLANG_ANALYZER_NUMBER_OBJECT_CONVERSION = YES_AGGRESSIVE;
				CLANG_CXX_LANGUAGE_STANDARD = "gnu++14";
				CLANG_CXX_LIBRARY = "libc++";
				CLANG_ENABLE_MODULES = YES;
				CLANG_ENABLE_OBJC_ARC = YES;
				CLANG_ENABLE_OBJC_WEAK = YES;
				CLANG_WARN_BLOCK_CAPTURE_AUTORELEASING = YES;
				CLANG_WARN_BOOL_CONVERSION = YES;
				CLANG_WARN_COMMA = YES;
				CLANG_WARN_CONSTANT_CONVERSION = YES;
				CLANG_WARN_DEPRECATED_OBJC_IMPLEMENTATIONS = YES;
				CLANG_WARN_DIRECT_OBJC_ISA_USAGE = YES_ERROR;
				CLANG_WARN_DOCUMENTATION_COMMENTS = YES;
				CLANG_WARN_EMPTY_BODY = YES;
				CLANG_WARN_ENUM_CONVERSION = YES;
				CLANG_WARN_INFINITE_RECURSION = YES;
				CLANG_WARN_INT_CONVERSION = YES;
				CLANG_WARN_NON_LITERAL_NULL_CONVERSION = YES;
				CLANG_WARN_OBJC_IMPLICIT_RETAIN_SELF = YES;
				CLANG_WARN_OBJC_LITERAL_CONVERSION = YES;
				CLANG_WARN_OBJC_ROOT_CLASS = YES_ERROR;
				CLANG_WARN_RANGE_LOOP_ANALYSIS = YES;
				CLANG_WARN_STRICT_PROTOTYPES = YES;
				CLANG_WARN_SUSPICIOUS_MOVE = YES;
				CLANG_WARN_UNGUARDED_AVAILABILITY = YES_AGGRESSIVE;
				CLANG_WARN_UNREACHABLE_CODE = YES;
				CLANG_WARN__DUPLICATE_METHOD_MATCH = YES;
				COPY_PHASE_STRIP = NO;
				DEBUG_INFORMATION_FORMAT = "dwarf-with-dsym";
				ENABLE_NS_ASSERTIONS = NO;
				ENABLE_STRICT_OBJC_MSGSEND = YES;
				GCC_C_LANGUAGE_STANDARD = gnu11;
				GCC_NO_COMMON_BLOCKS = YES;
				GCC_WARN_64_TO_32_BIT_CONVERSION = YES;
				GCC_WARN_ABOUT_RETURN_TYPE = YES_ERROR;
				GCC_WARN_UNDECLARED_SELECTOR = YES;
				GCC_WARN_UNINITIALIZED_AUTOS = YES_AGGRESSIVE;
				GCC_WARN_UNUSED_FUNCTION = YES;
				GCC_WARN_UNUSED_VARIABLE = YES;
				IPHONEOS_DEPLOYMENT_TARGET = 13.4;
				MTL_ENABLE_DEBUG_INFO = NO;
				MTL_FAST_MATH = YES;
				SDKROOT = iphoneos;
				VALIDATE_PRODUCT = YES;
			};
			name = Release;
		};
		853C6C62245AB04700BB98BC /* Debug */ = {
			isa = XCBuildConfiguration;
			baseConfigurationReference = 6A8F96D978D78FF4424E5FF3 /* Pods-AccountModule.debug.xcconfig */;
			buildSettings = {
				ASSETCATALOG_COMPILER_APPICON_NAME = AppIcon;
				CODE_SIGN_STYLE = Automatic;
				INFOPLIST_FILE = AccountModule/Info.plist;
				LD_RUNPATH_SEARCH_PATHS = (
					"$(inherited)",
					"@executable_path/Frameworks",
				);
				PRODUCT_BUNDLE_IDENTIFIER = sherlock.chan.AccountModule;
				PRODUCT_NAME = "$(TARGET_NAME)";
				TARGETED_DEVICE_FAMILY = "1,2";
			};
			name = Debug;
		};
		853C6C63245AB04700BB98BC /* Release */ = {
			isa = XCBuildConfiguration;
			baseConfigurationReference = 7BE2CBB7F88EF3ED18BA39AE /* Pods-AccountModule.release.xcconfig */;
			buildSettings = {
				ASSETCATALOG_COMPILER_APPICON_NAME = AppIcon;
				CODE_SIGN_STYLE = Automatic;
				INFOPLIST_FILE = AccountModule/Info.plist;
				LD_RUNPATH_SEARCH_PATHS = (
					"$(inherited)",
					"@executable_path/Frameworks",
				);
				PRODUCT_BUNDLE_IDENTIFIER = sherlock.chan.AccountModule;
				PRODUCT_NAME = "$(TARGET_NAME)";
				TARGETED_DEVICE_FAMILY = "1,2";
			};
			name = Release;
		};
/* End XCBuildConfiguration section */

/* Begin XCConfigurationList section */
		853C6C43245AB04200BB98BC /* Build configuration list for PBXProject "AccountModule" */ = {
			isa = XCConfigurationList;
			buildConfigurations = (
				853C6C5F245AB04700BB98BC /* Debug */,
				853C6C60245AB04700BB98BC /* Release */,
			);
			defaultConfigurationIsVisible = 0;
			defaultConfigurationName = Release;
		};
		853C6C61245AB04700BB98BC /* Build configuration list for PBXNativeTarget "AccountModule" */ = {
			isa = XCConfigurationList;
			buildConfigurations = (
				853C6C62245AB04700BB98BC /* Debug */,
				853C6C63245AB04700BB98BC /* Release */,
			);
			defaultConfigurationIsVisible = 0;
			defaultConfigurationName = Release;
		};
/* End XCConfigurationList section */
	};
	rootObject = 853C6C40245AB04200BB98BC /* Project object */;
}
